
Microsoft Visual Studio Solution File, Format Version 12.00
# Visual Studio Version 17
VisualStudioVersion = 17.9.34728.123
MinimumVisualStudioVersion = 10.0.40219.1
Project("{FAE04EC0-301F-11D3-BF4B-00C04F79EFBC}") = "PqnLesson12ASP", "PqnLesson12ASP\PqnLesson12ASP.csproj", "{B2514DC2-462C-4388-9470-FE5F78C8514F}"
EndProject
Global
	GlobalSection(SolutionConfigurationPlatforms) = preSolution
		Debug|Any CPU = Debug|Any CPU
		Release|Any CPU = Release|Any CPU
	EndGlobalSection
	GlobalSection(ProjectConfigurationPlatforms) = postSolution
		{B2514DC2-462C-4388-9470-FE5F78C8514F}.Debug|Any CPU.ActiveCfg = Debug|Any CPU
		{B2514DC2-462C-4388-9470-FE5F78C8514F}.Debug|Any CPU.Build.0 = Debug|Any CPU
		{B2514DC2-462C-4388-9470-FE5F78C8514F}.Release|Any CPU.ActiveCfg = Release|Any CPU
		{B2514DC2-462C-4388-9470-FE5F78C8514F}.Release|Any CPU.Build.0 = Release|Any CPU
	EndGlobalSection
	GlobalSection(SolutionProperties) = preSolution
		HideSolutionNode = FALSE
	EndGlobalSection
	GlobalSection(ExtensibilityGlobals) = postSolution
		SolutionGuid = {4D50050C-8B6F-449B-9C19-21B8AEFDF244}
	EndGlobalSection
EndGlobal
